# This file is generated by running "yarn install" inside your project.
# Manual changes might be lost - proceed with caution!

__metadata:
  version: 8
  cacheKey: 10c0

"argparse@npm:^2.0.1":
  version: 2.0.1
  resolution: "argparse@npm:2.0.1"
  checksum: 10c0/c5640c2d89045371c7cedd6a70212a04e360fd34d6edeae32f6952c63949e3525ea77dbec0289d8213a99bbaeab5abfa860b5c12cf88a2e6cf8106e90dd27a7e
  languageName: node
  linkType: hard

"events@workspace:.":
  version: 0.0.0-use.local
  resolution: "events@workspace:."
  dependencies:
    husky: "npm:6.x"
    js-yaml: "npm:4.x"
    mustache: "npm:4.x"
  languageName: unknown
  linkType: soft

"husky@npm:6.x":
  version: 6.0.0
  resolution: "husky@npm:6.0.0"
  bin:
    husky: lib/bin.js
  checksum: 10c0/00dca95e24f6174f150ba1ee746948a89a3ff20b460ecad7bc2e4c2a76fe5b78bef1400c84bc2bade6588392c37baf57c173f49dc123fdbc7c7a71e4d412fb67
  languageName: node
  linkType: hard

"js-yaml@npm:4.x":
  version: 4.0.0
  resolution: "js-yaml@npm:4.0.0"
  dependencies:
    argparse: "npm:^2.0.1"
  bin:
    js-yaml: bin/js-yaml.js
  checksum: 10c0/ef8489b87d9796b45df9f0bf3eefbb343b5063e39a9911d7b8ddbd4518cafaf73b49150d1f5865f54ee68719642ff0ab86110b9a332ff88bb05cd3bcf3039de1
  languageName: node
  linkType: hard

"mustache@npm:4.x":
  version: 4.2.0
  resolution: "mustache@npm:4.2.0"
  bin:
    mustache: bin/mustache
  checksum: 10c0/1f8197e8a19e63645a786581d58c41df7853da26702dbc005193e2437c98ca49b255345c173d50c08fe4b4dbb363e53cb655ecc570791f8deb09887248dd34a2
  languageName: node
  linkType: hard
